
Microsoft Visual Studio Solution File, Format Version 12.00
# Visual Studio Version 17
VisualStudioVersion = 17.13.35825.156
MinimumVisualStudioVersion = 10.0.40219.1
Project("{FAE04EC0-301F-11D3-BF4B-00C04F79EFBC}") = "Library.Services", "Library.Services\Library.Services.csproj", "{F922F70B-2DA6-4C9A-85D5-7BBFE36AD21E}"
EndProject
Project("{FAE04EC0-301F-11D3-BF4B-00C04F79EFBC}") = "Library.API", "Library.API\Library.API.csproj", "{D8AB8913-E27F-4DB4-A650-48AE0E8453E3}"
EndProject
Global
	GlobalSection(SolutionConfigurationPlatforms) = preSolution
		Debug|Any CPU = Debug|Any CPU
		Release|Any CPU = Release|Any CPU
	EndGlobalSection
	GlobalSection(ProjectConfigurationPlatforms) = postSolution
		{F922F70B-2DA6-4C9A-85D5-7BBFE36AD21E}.Debug|Any CPU.ActiveCfg = Debug|Any CPU
		{F922F70B-2DA6-4C9A-85D5-7BBFE36AD21E}.Debug|Any CPU.Build.0 = Debug|Any CPU
		{F922F70B-2DA6-4C9A-85D5-7BBFE36AD21E}.Release|Any CPU.ActiveCfg = Release|Any CPU
		{F922F70B-2DA6-4C9A-85D5-7BBFE36AD21E}.Release|Any CPU.Build.0 = Release|Any CPU
		{D8AB8913-E27F-4DB4-A650-48AE0E8453E3}.Debug|Any CPU.ActiveCfg = Debug|Any CPU
		{D8AB8913-E27F-4DB4-A650-48AE0E8453E3}.Debug|Any CPU.Build.0 = Debug|Any CPU
		{D8AB8913-E27F-4DB4-A650-48AE0E8453E3}.Release|Any CPU.ActiveCfg = Release|Any CPU
		{D8AB8913-E27F-4DB4-A650-48AE0E8453E3}.Release|Any CPU.Build.0 = Release|Any CPU
	EndGlobalSection
	GlobalSection(SolutionProperties) = preSolution
		HideSolutionNode = FALSE
	EndGlobalSection
	GlobalSection(ExtensibilityGlobals) = postSolution
		SolutionGuid = {DEA4AA8D-C1E2-476D-B864-73CC654E8B1D}
	EndGlobalSection
EndGlobal
